<?xml version="1.0" encoding="utf-8"?>
<Project ToolsVersion="4.0" xmlns="http://schemas.microsoft.com/developer/msbuild/2003">
  <ItemGroup>
    <Filter Include="源文件">
      <UniqueIdentifier>{4FC737F1-C7A5-4376-A066-2A32D752A2FF}</UniqueIdentifier>
      <Extensions>cpp;c;cc;cxx;c++;def;odl;idl;hpj;bat;asm;asmx</Extensions>
    </Filter>
    <Filter Include="头文件">
      <UniqueIdentifier>{93995380-89BD-4b04-88EB-625FBE52EBFB}</UniqueIdentifier>
      <Extensions>h;hh;hpp;hxx;h++;hm;inl;inc;ipp;xsd</Extensions>
    </Filter>
    <Filter Include="词法分析">
      <UniqueIdentifier>{19c13f8f-fe78-4e78-afb3-32480c41917f}</UniqueIdentifier>
    </Filter>
  </ItemGroup>
  <ItemGroup>
    <ClInclude Include="EToken.h">
      <Filter>头文件</Filter>
    </ClInclude>
    <ClInclude Include="SyntaxTreeType.h">
      <Filter>头文件</Filter>
    </ClInclude>
    <ClInclude Include="SyntaxTreeNode.h">
      <Filter>头文件</Filter>
    </ClInclude>
    <ClInclude Include="SyntaxParser.h">
      <Filter>头文件</Filter>
    </ClInclude>
    <ClInclude Include="TokenReader.h">
      <Filter>头文件</Filter>
    </ClInclude>
    <ClInclude Include="SyntaxError.h">
      <Filter>头文件</Filter>
    </ClInclude>
    <ClInclude Include="SyntaxWriter.h">
      <Filter>头文件</Filter>
    </ClInclude>
  </ItemGroup>
  <ItemGroup>
    <ClCompile Include="main.cpp">
      <Filter>源文件</Filter>
    </ClCompile>
    <ClCompile Include="SyntaxParser.MainClass.cpp">
      <Filter>源文件</Filter>
    </ClCompile>
    <ClCompile Include="SyntaxParser.Expression.cpp">
      <Filter>源文件</Filter>
    </ClCompile>
    <ClCompile Include="SyntaxParser.Goal.cpp">
      <Filter>源文件</Filter>
    </ClCompile>
    <ClCompile Include="SyntaxParser.ClassDeclaration.cpp">
      <Filter>源文件</Filter>
    </ClCompile>
    <ClCompile Include="SyntaxParser.Type.cpp">
      <Filter>源文件</Filter>
    </ClCompile>
    <ClCompile Include="SyntaxParser.Statement.cpp">
      <Filter>源文件</Filter>
    </ClCompile>
    <ClCompile Include="SyntaxParser.VarDeclaration.cpp">
      <Filter>源文件</Filter>
    </ClCompile>
    <ClCompile Include="SyntaxParser.MethodDeclaration.cpp">
      <Filter>源文件</Filter>
    </ClCompile>
    <ClCompile Include="ParserTest.h">
      <Filter>头文件</Filter>
    </ClCompile>
    <ClCompile Include="..\LexicalAnalyzer\LexicalDFA.cpp">
      <Filter>词法分析</Filter>
    </ClCompile>
    <ClCompile Include="..\LexicalAnalyzer\utils.cpp">
      <Filter>词法分析</Filter>
    </ClCompile>
  </ItemGroup>
</Project>